{
  "nodes": {
    "drawille-master": {
      "inputs": {
        "flakeNimbleLib": [
          "flakeNimbleLib"
        ],
        "nixpkgs": [
          "nixpkgs"
        ],
        "src-drawille-master": "src-drawille-master"
      },
      "locked": {
        "dir": "master",
        "lastModified": 1662254440,
        "narHash": "sha256-nei5HIY/BDxLpdlARWoHJyiz9iiX9+LLcHm1/YmXRaU=",
        "owner": "nim-nix-pkgs",
        "repo": "drawille",
        "rev": "3dc7e4bc900947415c721ae0d1e56d09d1c6e801",
        "type": "github"
      },
      "original": {
        "dir": "master",
        "owner": "nim-nix-pkgs",
        "ref": "master",
        "repo": "drawille",
        "type": "github"
      }
    },
    "flakeNimbleLib": {
      "inputs": {
        "nixpkgs": [
          "nixpkgs"
        ]
      },
      "locked": {
        "lastModified": 1662018438,
        "narHash": "sha256-QtNtU6+LX3Wokxf0zlFwKTFOcn6TeDjKQZ+DA9OYtvM=",
        "owner": "riinr",
        "repo": "nim-flakes-lib",
        "rev": "b1fe8340736e3a85d25c709ac3dfd82a55c03cbf",
        "type": "github"
      },
      "original": {
        "owner": "riinr",
        "ref": "master",
        "repo": "nim-flakes-lib",
        "type": "github"
      }
    },
    "nixpkgs": {
      "locked": {
        "lastModified": 1667110639,
        "narHash": "sha256-4FbPESZ5LbqQxkJJJBAfk/zKgF9h/4kyUwjjpJwYlbc=",
        "owner": "NixOS",
        "repo": "nixpkgs",
        "rev": "f38a1f04d1bec1feb61fd101a0539ae2002a7087",
        "type": "github"
      },
      "original": {
        "id": "nixpkgs",
        "type": "indirect"
      }
    },
    "root": {
      "inputs": {
        "drawille-master": "drawille-master",
        "flakeNimbleLib": "flakeNimbleLib",
        "nixpkgs": "nixpkgs"
      }
    },
    "src-drawille-master": {
      "flake": false,
      "locked": {
        "lastModified": 1529490765,
        "narHash": "sha256-VxmairChizBtxjHQR/EwsUeMLszQm/sqd90HdUsLAuY=",
        "owner": "PMunch",
        "repo": "drawille-nim",
        "rev": "1b2daec77e6bbb78bc5a330b92796386e172bd57",
        "type": "github"
      },
      "original": {
        "owner": "PMunch",
        "ref": "refs/heads/master",
        "repo": "drawille-nim",
        "type": "github"
      }
    }
  },
  "root": "root",
  "version": 7
}
